{
  "version": 4,
  "terraform_version": "1.4.6",
  "serial": 5,
  "lineage": "3170631c-a08d-9a0b-acb5-989638030802",
  "outputs": {},
  "resources": [
    {
      "mode": "managed",
      "type": "azurerm_resource_group",
      "name": "shared",
      "provider": "provider[\"registry.terraform.io/hashicorp/azurerm\"]",
      "instances": [
        {
          "schema_version": 0,
          "attributes": {
            "id": "/subscriptions/0f6b5c8e-cc15-4af4-ba60-40aa8301955e/resourceGroups/shared",
            "location": "norwayeast",
            "name": "shared",
            "tags": {
              "environment": "shared"
            },
            "timeouts": null
          },
          "sensitive_attributes": [],
          "private": "eyJlMmJmYjczMC1lY2FhLTExZTYtOGY4OC0zNDM2M2JjN2M0YzAiOnsiY3JlYXRlIjo1NDAwMDAwMDAwMDAwLCJkZWxldGUiOjU0MDAwMDAwMDAwMDAsInJlYWQiOjMwMDAwMDAwMDAwMCwidXBkYXRlIjo1NDAwMDAwMDAwMDAwfX0="
        }
      ]
    },
    {
      "module": "module.remote_state",
      "mode": "managed",
      "type": "azurerm_storage_account",
      "name": "tfstate",
      "provider": "provider[\"registry.terraform.io/hashicorp/azurerm\"]",
      "instances": [
        {
          "schema_version": 3,
          "attributes": {
            "access_tier": "Hot",
            "account_kind": "StorageV2",
            "account_replication_type": "LRS",
            "account_tier": "Standard",
            "allow_nested_items_to_be_public": false,
            "allowed_copy_scope": "",
            "azure_files_authentication": [],
            "blob_properties": [
              {
                "change_feed_enabled": false,
                "change_feed_retention_in_days": 0,
                "container_delete_retention_policy": [],
                "cors_rule": [],
                "default_service_version": "",
                "delete_retention_policy": [],
                "last_access_time_enabled": false,
                "restore_policy": [],
                "versioning_enabled": false
              }
            ],
            "cross_tenant_replication_enabled": true,
            "custom_domain": [],
            "customer_managed_key": [],
            "default_to_oauth_authentication": false,
            "edge_zone": "",
            "enable_https_traffic_only": true,
            "id": "/subscriptions/0f6b5c8e-cc15-4af4-ba60-40aa8301955e/resourceGroups/shared/providers/Microsoft.Storage/storageAccounts/tfstateyn8h4",
            "identity": [],
            "immutability_policy": [],
            "infrastructure_encryption_enabled": false,
            "is_hns_enabled": false,
            "large_file_share_enabled": null,
            "location": "norwayeast",
            "min_tls_version": "TLS1_2",
            "name": "tfstateyn8h4",
            "network_rules": [
              {
                "bypass": [
                  "AzureServices"
                ],
                "default_action": "Allow",
                "ip_rules": [],
                "private_link_access": [],
                "virtual_network_subnet_ids": []
              }
            ],
            "nfsv3_enabled": false,
            "primary_access_key": "jTYJTw65zs4c11/zlTlww1RrCLDKIq23JG6i2TQPx+sqY4pXO6HUzDypuFmFbSEa6WXb1rg61Q74+AStvIBZYw==",
            "primary_blob_connection_string": "DefaultEndpointsProtocol=https;BlobEndpoint=https://tfstateyn8h4.blob.core.windows.net/;AccountName=tfstateyn8h4;AccountKey=jTYJTw65zs4c11/zlTlww1RrCLDKIq23JG6i2TQPx+sqY4pXO6HUzDypuFmFbSEa6WXb1rg61Q74+AStvIBZYw==",
            "primary_blob_endpoint": "https://tfstateyn8h4.blob.core.windows.net/",
            "primary_blob_host": "tfstateyn8h4.blob.core.windows.net",
            "primary_connection_string": "DefaultEndpointsProtocol=https;AccountName=tfstateyn8h4;AccountKey=jTYJTw65zs4c11/zlTlww1RrCLDKIq23JG6i2TQPx+sqY4pXO6HUzDypuFmFbSEa6WXb1rg61Q74+AStvIBZYw==;EndpointSuffix=core.windows.net",
            "primary_dfs_endpoint": "https://tfstateyn8h4.dfs.core.windows.net/",
            "primary_dfs_host": "tfstateyn8h4.dfs.core.windows.net",
            "primary_file_endpoint": "https://tfstateyn8h4.file.core.windows.net/",
            "primary_file_host": "tfstateyn8h4.file.core.windows.net",
            "primary_location": "norwayeast",
            "primary_queue_endpoint": "https://tfstateyn8h4.queue.core.windows.net/",
            "primary_queue_host": "tfstateyn8h4.queue.core.windows.net",
            "primary_table_endpoint": "https://tfstateyn8h4.table.core.windows.net/",
            "primary_table_host": "tfstateyn8h4.table.core.windows.net",
            "primary_web_endpoint": "https://tfstateyn8h4.z1.web.core.windows.net/",
            "primary_web_host": "tfstateyn8h4.z1.web.core.windows.net",
            "public_network_access_enabled": true,
            "queue_encryption_key_type": "Service",
            "queue_properties": [
              {
                "cors_rule": [],
                "hour_metrics": [
                  {
                    "enabled": true,
                    "include_apis": true,
                    "retention_policy_days": 7,
                    "version": "1.0"
                  }
                ],
                "logging": [
                  {
                    "delete": false,
                    "read": false,
                    "retention_policy_days": 0,
                    "version": "1.0",
                    "write": false
                  }
                ],
                "minute_metrics": [
                  {
                    "enabled": false,
                    "include_apis": false,
                    "retention_policy_days": 0,
                    "version": "1.0"
                  }
                ]
              }
            ],
            "resource_group_name": "shared",
            "routing": [],
            "sas_policy": [],
            "secondary_access_key": "2aB0i8rbQv/KLYc6sWv7KYA5nT6u6mCQsBTt37j5IsKC01wBr5miJM75Zcus1goH7jnXCmiWTa6R+AStZ2/55Q==",
            "secondary_blob_connection_string": "",
            "secondary_blob_endpoint": null,
            "secondary_blob_host": null,
            "secondary_connection_string": "DefaultEndpointsProtocol=https;AccountName=tfstateyn8h4;AccountKey=2aB0i8rbQv/KLYc6sWv7KYA5nT6u6mCQsBTt37j5IsKC01wBr5miJM75Zcus1goH7jnXCmiWTa6R+AStZ2/55Q==;EndpointSuffix=core.windows.net",
            "secondary_dfs_endpoint": null,
            "secondary_dfs_host": null,
            "secondary_file_endpoint": null,
            "secondary_file_host": null,
            "secondary_location": "",
            "secondary_queue_endpoint": null,
            "secondary_queue_host": null,
            "secondary_table_endpoint": null,
            "secondary_table_host": null,
            "secondary_web_endpoint": null,
            "secondary_web_host": null,
            "sftp_enabled": false,
            "share_properties": [
              {
                "cors_rule": [],
                "retention_policy": [
                  {
                    "days": 7
                  }
                ],
                "smb": []
              }
            ],
            "shared_access_key_enabled": true,
            "static_website": [],
            "table_encryption_key_type": "Service",
            "tags": {
              "environment": "shared"
            },
            "timeouts": null
          },
          "sensitive_attributes": [],
          "private": "eyJlMmJmYjczMC1lY2FhLTExZTYtOGY4OC0zNDM2M2JjN2M0YzAiOnsiY3JlYXRlIjozNjAwMDAwMDAwMDAwLCJkZWxldGUiOjM2MDAwMDAwMDAwMDAsInJlYWQiOjMwMDAwMDAwMDAwMCwidXBkYXRlIjozNjAwMDAwMDAwMDAwfSwic2NoZW1hX3ZlcnNpb24iOiIzIn0=",
          "dependencies": [
            "azurerm_resource_group.shared",
            "module.remote_state.random_string.resource_code"
          ]
        }
      ]
    },
    {
      "module": "module.remote_state",
      "mode": "managed",
      "type": "azurerm_storage_container",
      "name": "tfstate",
      "provider": "provider[\"registry.terraform.io/hashicorp/azurerm\"]",
      "instances": [
        {
          "schema_version": 1,
          "attributes": {
            "container_access_type": "private",
            "has_immutability_policy": false,
            "has_legal_hold": false,
            "id": "https://tfstateyn8h4.blob.core.windows.net/tfstate",
            "metadata": {},
            "name": "tfstate",
            "resource_manager_id": "/subscriptions/0f6b5c8e-cc15-4af4-ba60-40aa8301955e/resourceGroups/shared/providers/Microsoft.Storage/storageAccounts/tfstateyn8h4/blobServices/default/containers/tfstate",
            "storage_account_name": "tfstateyn8h4",
            "timeouts": null
          },
          "sensitive_attributes": [],
          "private": "eyJlMmJmYjczMC1lY2FhLTExZTYtOGY4OC0zNDM2M2JjN2M0YzAiOnsiY3JlYXRlIjoxODAwMDAwMDAwMDAwLCJkZWxldGUiOjE4MDAwMDAwMDAwMDAsInJlYWQiOjMwMDAwMDAwMDAwMCwidXBkYXRlIjoxODAwMDAwMDAwMDAwfSwic2NoZW1hX3ZlcnNpb24iOiIxIn0=",
          "dependencies": [
            "azurerm_resource_group.shared",
            "module.remote_state.azurerm_storage_account.tfstate",
            "module.remote_state.random_string.resource_code"
          ]
        }
      ]
    },
    {
      "module": "module.remote_state",
      "mode": "managed",
      "type": "random_string",
      "name": "resource_code",
      "provider": "provider[\"registry.terraform.io/hashicorp/random\"]",
      "instances": [
        {
          "schema_version": 2,
          "attributes": {
            "id": "yn8h4",
            "keepers": null,
            "length": 5,
            "lower": true,
            "min_lower": 0,
            "min_numeric": 0,
            "min_special": 0,
            "min_upper": 0,
            "number": true,
            "numeric": true,
            "override_special": null,
            "result": "yn8h4",
            "special": false,
            "upper": false
          },
          "sensitive_attributes": []
        }
      ]
    }
  ],
  "check_results": null
}
